// !$*UTF8*$!
{
	archiveVersion = 1;
	classes = {
	};
	objectVersion = 50;
	objects = {

/* Begin PBXBuildFile section */
		8C41D6142499014800657435 /* FinalViewController.swift in Sources */ = {isa = PBXBuildFile; fileRef = 8C41D6132499014800657435 /* FinalViewController.swift */; };
		8CF45023246445E300D2F424 /* AppDelegate.swift in Sources */ = {isa = PBXBuildFile; fileRef = 8CF45022246445E300D2F424 /* AppDelegate.swift */; };
		8CF45025246445E300D2F424 /* SceneDelegate.swift in Sources */ = {isa = PBXBuildFile; fileRef = 8CF45024246445E300D2F424 /* SceneDelegate.swift */; };
		8CF45027246445E300D2F424 /* ViewController.swift in Sources */ = {isa = PBXBuildFile; fileRef = 8CF45026246445E300D2F424 /* ViewController.swift */; };
		8CF4502A246445E300D2F424 /* Main.storyboard in Resources */ = {isa = PBXBuildFile; fileRef = 8CF45028246445E300D2F424 /* Main.storyboard */; };
		8CF4502C246445E500D2F424 /* Assets.xcassets in Resources */ = {isa = PBXBuildFile; fileRef = 8CF4502B246445E500D2F424 /* Assets.xcassets */; };
		8CF4502F246445E500D2F424 /* LaunchScreen.storyboard in Resources */ = {isa = PBXBuildFile; fileRef = 8CF4502D246445E500D2F424 /* LaunchScreen.storyboard */; };
		8CF4503A246445E500D2F424 /* TipsyTests.swift in Sources */ = {isa = PBXBuildFile; fileRef = 8CF45039246445E500D2F424 /* TipsyTests.swift */; };
/* End PBXBuildFile section */

/* Begin PBXContainerItemProxy section */
		8CF45036246445E500D2F424 /* PBXContainerItemProxy */ = {
			isa = PBXContainerItemProxy;
			containerPortal = 8CF45017246445E300D2F424 /* Project object */;
			proxyType = 1;
			remoteGlobalIDString = 8CF4501E246445E300D2F424;
			remoteInfo = Tipsy;
		};
/* End PBXContainerItemProxy section */

/* Begin PBXFileReference section */
		8C41D6132499014800657435 /* FinalViewController.swift */ = {isa = PBXFileReference; lastKnownFileType = sourcecode.swift; path = FinalViewController.swift; sourceTree = "<group>"; };
		8CF4501F246445E300D2F424 /* Tipsy.app */ = {isa = PBXFileReference; explicitFileType = wrapper.application; includeInIndex = 0; path = Tipsy.app; sourceTree = BUILT_PRODUCTS_DIR; };
		8CF45022246445E300D2F424 /* AppDelegate.swift */ = {isa = PBXFileReference; lastKnownFileType = sourcecode.swift; path = AppDelegate.swift; sourceTree = "<group>"; };
		8CF45024246445E300D2F424 /* SceneDelegate.swift */ = {isa = PBXFileReference; lastKnownFileType = sourcecode.swift; path = SceneDelegate.swift; sourceTree = "<group>"; };
		8CF45026246445E300D2F424 /* ViewController.swift */ = {isa = PBXFileReference; lastKnownFileType = sourcecode.swift; path = ViewController.swift; sourceTree = "<group>"; };
		8CF45029246445E300D2F424 /* Base */ = {isa = PBXFileReference; lastKnownFileType = file.storyboard; name = Base; path = Base.lproj/Main.storyboard; sourceTree = "<group>"; };
		8CF4502B246445E500D2F424 /* Assets.xcassets */ = {isa = PBXFileReference; lastKnownFileType = folder.assetcatalog; path = Assets.xcassets; sourceTree = "<group>"; };
		8CF4502E246445E500D2F424 /* Base */ = {isa = PBXFileReference; lastKnownFileType = file.storyboard; name = Base; path = Base.lproj/LaunchScreen.storyboard; sourceTree = "<group>"; };
		8CF45030246445E500D2F424 /* Info.plist */ = {isa = PBXFileReference; lastKnownFileType = text.plist.xml; path = Info.plist; sourceTree = "<group>"; };
		8CF45035246445E500D2F424 /* TipsyTests.xctest */ = {isa = PBXFileReference; explicitFileType = wrapper.cfbundle; includeInIndex = 0; path = TipsyTests.xctest; sourceTree = BUILT_PRODUCTS_DIR; };
		8CF45039246445E500D2F424 /* TipsyTests.swift */ = {isa = PBXFileReference; lastKnownFileType = sourcecode.swift; path = TipsyTests.swift; sourceTree = "<group>"; };
		8CF4503B246445E500D2F424 /* Info.plist */ = {isa = PBXFileReference; lastKnownFileType = text.plist.xml; path = Info.plist; sourceTree = "<group>"; };
/* End PBXFileReference section */

/* Begin PBXFrameworksBuildPhase section */
		8CF4501C246445E300D2F424 /* Frameworks */ = {
			isa = PBXFrameworksBuildPhase;
			buildActionMask = 2147483647;
			files = (
			);
			runOnlyForDeploymentPostprocessing = 0;
		};
		8CF45032246445E500D2F424 /* Frameworks */ = {
			isa = PBXFrameworksBuildPhase;
			buildActionMask = 2147483647;
			files = (
			);
			runOnlyForDeploymentPostprocessing = 0;
		};
/* End PBXFrameworksBuildPhase section */

/* Begin PBXGroup section */
		8CF45016246445E300D2F424 = {
			isa = PBXGroup;
			children = (
				8CF45021246445E300D2F424 /* Tipsy */,
				8CF45038246445E500D2F424 /* TipsyTests */,
				8CF45020246445E300D2F424 /* Products */,
			);
			sourceTree = "<group>";
		};
		8CF45020246445E300D2F424 /* Products */ = {
			isa = PBXGroup;
			children = (
				8CF4501F246445E300D2F424 /* Tipsy.app */,
				8CF45035246445E500D2F424 /* TipsyTests.xctest */,
			);
			name = Products;
			sourceTree = "<group>";
		};
		8CF45021246445E300D2F424 /* Tipsy */ = {
			isa = PBXGroup;
			children = (
				8CF450462464465400D2F424 /* Controller */,
				8CF450452464464F00D2F424 /* View */,
				8CF450442464464200D2F424 /* Model */,
				8CF45022246445E300D2F424 /* AppDelegate.swift */,
				8CF45024246445E300D2F424 /* SceneDelegate.swift */,
				8CF4502B246445E500D2F424 /* Assets.xcassets */,
				8CF4502D246445E500D2F424 /* LaunchScreen.storyboard */,
				8CF45030246445E500D2F424 /* Info.plist */,
			);
			path = Tipsy;
			sourceTree = "<group>";
		};
		8CF45038246445E500D2F424 /* TipsyTests */ = {
			isa = PBXGroup;
			children = (
				8CF45039246445E500D2F424 /* TipsyTests.swift */,
				8CF4503B246445E500D2F424 /* Info.plist */,
			);
			path = TipsyTests;
			sourceTree = "<group>";
		};
		8CF450442464464200D2F424 /* Model */ = {
			isa = PBXGroup;
			children = (
			);
			path = Model;
			sourceTree = "<group>";
		};
		8CF450452464464F00D2F424 /* View */ = {
			isa = PBXGroup;
			children = (
				8CF45028246445E300D2F424 /* Main.storyboard */,
			);
			path = View;
			sourceTree = "<group>";
		};
		8CF450462464465400D2F424 /* Controller */ = {
			isa = PBXGroup;
			children = (
				8CF45026246445E300D2F424 /* ViewController.swift */,
				8C41D6132499014800657435 /* FinalViewController.swift */,
			);
			path = Controller;
			sourceTree = "<group>";
		};
/* End PBXGroup section */

/* Begin PBXNativeTarget section */
		8CF4501E246445E300D2F424 /* Tipsy */ = {
			isa = PBXNativeTarget;
			buildConfigurationList = 8CF4503E246445E500D2F424 /* Build configuration list for PBXNativeTarget "Tipsy" */;
			buildPhases = (
				8CF4501B246445E300D2F424 /* Sources */,
				8CF4501C246445E300D2F424 /* Frameworks */,
				8CF4501D246445E300D2F424 /* Resources */,
			);
			buildRules = (
			);
			dependencies = (
			);
			name = Tipsy;
			productName = Tipsy;
			productReference = 8CF4501F246445E300D2F424 /* Tipsy.app */;
			productType = "com.apple.product-type.application";
		};
		8CF45034246445E500D2F424 /* TipsyTests */ = {
			isa = PBXNativeTarget;
			buildConfigurationList = 8CF45041246445E500D2F424 /* Build configuration list for PBXNativeTarget "TipsyTests" */;
			buildPhases = (
				8CF45031246445E500D2F424 /* Sources */,
				8CF45032246445E500D2F424 /* Frameworks */,
				8CF45033246445E500D2F424 /* Resources */,
			);
			buildRules = (
			);
			dependencies = (
				8CF45037246445E500D2F424 /* PBXTargetDependency */,
			);
			name = TipsyTests;
			productName = TipsyTests;
			productReference = 8CF45035246445E500D2F424 /* TipsyTests.xctest */;
			productType = "com.apple.product-type.bundle.unit-test";
		};
/* End PBXNativeTarget section */

/* Begin PBXProject section */
		8CF45017246445E300D2F424 /* Project object */ = {
			isa = PBXProject;
			attributes = {
				LastSwiftUpdateCheck = 1130;
				LastUpgradeCheck = 1130;
				ORGANIZATIONNAME = "Asaduzzaman Anik";
				TargetAttributes = {
					8CF4501E246445E300D2F424 = {
						CreatedOnToolsVersion = 11.3.1;
					};
					8CF45034246445E500D2F424 = {
						CreatedOnToolsVersion = 11.3.1;
						TestTargetID = 8CF4501E246445E300D2F424;
					};
				};
			};
			buildConfigurationList = 8CF4501A246445E300D2F424 /* Build configuration list for PBXProject "Tipsy" */;
			compatibilityVersion = "Xcode 9.3";
			developmentRegion = en;
			hasScannedForEncodings = 0;
			knownRegions = (
				en,
				Base,
			);
			mainGroup = 8CF45016246445E300D2F424;
			productRefGroup = 8CF45020246445E300D2F424 /* Products */;
			projectDirPath = "";
			projectRoot = "";
			targets = (
				8CF4501E246445E300D2F424 /* Tipsy */,
				8CF45034246445E500D2F424 /* TipsyTests */,
			);
		};
/* End PBXProject section */

/* Begin PBXResourcesBuildPhase section */
		8CF4501D246445E300D2F424 /* Resources */ = {
			isa = PBXResourcesBuildPhase;
			buildActionMask = 2147483647;
			files = (
				8CF4502F246445E500D2F424 /* LaunchScreen.storyboard in Resources */,
				8CF4502C246445E500D2F424 /* Assets.xcassets in Resources */,
				8CF4502A246445E300D2F424 /* Main.storyboard in Resources */,
			);
			runOnlyForDeploymentPostprocessing = 0;
		};
		8CF45033246445E500D2F424 /* Resources */ = {
			isa = PBXResourcesBuildPhase;
			buildActionMask = 2147483647;
			files = (
			);
			runOnlyForDeploymentPostprocessing = 0;
		};
/* End PBXResourcesBuildPhase section */

/* Begin PBXSourcesBuildPhase section */
		8CF4501B246445E300D2F424 /* Sources */ = {
			isa = PBXSourcesBuildPhase;
			buildActionMask = 2147483647;
			files = (
				8CF45027246445E300D2F424 /* ViewController.swift in Sources */,
				8C41D6142499014800657435 /* FinalViewController.swift in Sources */,
				8CF45023246445E300D2F424 /* AppDelegate.swift in Sources */,
				8CF45025246445E300D2F424 /* SceneDelegate.swift in Sources */,
			);
			runOnlyForDeploymentPostprocessing = 0;
		};
		8CF45031246445E500D2F424 /* Sources */ = {
			isa = PBXSourcesBuildPhase;
			buildActionMask = 2147483647;
			files = (
				8CF4503A246445E500D2F424 /* TipsyTests.swift in Sources */,
			);
			runOnlyForDeploymentPostprocessing = 0;
		};
/* End PBXSourcesBuildPhase section */

/* Begin PBXTargetDependency section */
		8CF45037246445E500D2F424 /* PBXTargetDependency */ = {
			isa = PBXTargetDependency;
			target = 8CF4501E246445E300D2F424 /* Tipsy */;
			targetProxy = 8CF45036246445E500D2F424 /* PBXContainerItemProxy */;
		};
/* End PBXTargetDependency section */

/* Begin PBXVariantGroup section */
		8CF45028246445E300D2F424 /* Main.storyboard */ = {
			isa = PBXVariantGroup;
			children = (
				8CF45029246445E300D2F424 /* Base */,
			);
			name = Main.storyboard;
			sourceTree = "<group>";
		};
		8CF4502D246445E500D2F424 /* LaunchScreen.storyboard */ = {
			isa = PBXVariantGroup;
			children = (
				8CF4502E246445E500D2F424 /* Base */,
			);
			name = LaunchScreen.storyboard;
			sourceTree = "<group>";
		};
/* End PBXVariantGroup section */

/* Begin XCBuildConfiguration section */
		8CF4503C246445E500D2F424 /* Debug */ = {
			isa = XCBuildConfiguration;
			buildSettings = {
				ALWAYS_SEARCH_USER_PATHS = NO;
				CLANG_ANALYZER_NONNULL = YES;
				CLANG_ANALYZER_NUMBER_OBJECT_CONVERSION = YES_AGGRESSIVE;
				CLANG_CXX_LANGUAGE_STANDARD = "gnu++14";
				CLANG_CXX_LIBRARY = "libc++";
				CLANG_ENABLE_MODULES = YES;
				CLANG_ENABLE_OBJC_ARC = YES;
				CLANG_ENABLE_OBJC_WEAK = YES;
				CLANG_WARN_BLOCK_CAPTURE_AUTORELEASING = YES;
				CLANG_WARN_BOOL_CONVERSION = YES;
				CLANG_WARN_COMMA = YES;
				CLANG_WARN_CONSTANT_CONVERSION = YES;
				CLANG_WARN_DEPRECATED_OBJC_IMPLEMENTATIONS = YES;
				CLANG_WARN_DIRECT_OBJC_ISA_USAGE = YES_ERROR;
				CLANG_WARN_DOCUMENTATION_COMMENTS = YES;
				CLANG_WARN_EMPTY_BODY = YES;
				CLANG_WARN_ENUM_CONVERSION = YES;
				CLANG_WARN_INFINITE_RECURSION = YES;
				CLANG_WARN_INT_CONVERSION = YES;
				CLANG_WARN_NON_LITERAL_NULL_CONVERSION = YES;
				CLANG_WARN_OBJC_IMPLICIT_RETAIN_SELF = YES;
				CLANG_WARN_OBJC_LITERAL_CONVERSION = YES;
				CLANG_WARN_OBJC_ROOT_CLASS = YES_ERROR;
				CLANG_WARN_RANGE_LOOP_ANALYSIS = YES;
				CLANG_WARN_STRICT_PROTOTYPES = YES;
				CLANG_WARN_SUSPICIOUS_MOVE = YES;
				CLANG_WARN_UNGUARDED_AVAILABILITY = YES_AGGRESSIVE;
				CLANG_WARN_UNREACHABLE_CODE = YES;
				CLANG_WARN__DUPLICATE_METHOD_MATCH = YES;
				COPY_PHASE_STRIP = NO;
				DEBUG_INFORMATION_FORMAT = dwarf;
				ENABLE_STRICT_OBJC_MSGSEND = YES;
				ENABLE_TESTABILITY = YES;
				GCC_C_LANGUAGE_STANDARD = gnu11;
				GCC_DYNAMIC_NO_PIC = NO;
				GCC_NO_COMMON_BLOCKS = YES;
				GCC_OPTIMIZATION_LEVEL = 0;
				GCC_PREPROCESSOR_DEFINITIONS = (
					"DEBUG=1",
					"$(inherited)",
				);
				GCC_WARN_64_TO_32_BIT_CONVERSION = YES;
				GCC_WARN_ABOUT_RETURN_TYPE = YES_ERROR;
				GCC_WARN_UNDECLARED_SELECTOR = YES;
				GCC_WARN_UNINITIALIZED_AUTOS = YES_AGGRESSIVE;
				GCC_WARN_UNUSED_FUNCTION = YES;
				GCC_WARN_UNUSED_VARIABLE = YES;
				IPHONEOS_DEPLOYMENT_TARGET = 13.2;
				MTL_ENABLE_DEBUG_INFO = INCLUDE_SOURCE;
				MTL_FAST_MATH = YES;
				ONLY_ACTIVE_ARCH = YES;
				SDKROOT = iphoneos;
				SWIFT_ACTIVE_COMPILATION_CONDITIONS = DEBUG;
				SWIFT_OPTIMIZATION_LEVEL = "-Onone";
			};
			name = Debug;
		};
		8CF4503D246445E500D2F424 /* Release */ = {
			isa = XCBuildConfiguration;
			buildSettings = {
				ALWAYS_SEARCH_USER_PATHS = NO;
				CLANG_ANALYZER_NONNULL = YES;
				CLANG_ANALYZER_NUMBER_OBJECT_CONVERSION = YES_AGGRESSIVE;
				CLANG_CXX_LANGUAGE_STANDARD = "gnu++14";
				CLANG_CXX_LIBRARY = "libc++";
				CLANG_ENABLE_MODULES = YES;
				CLANG_ENABLE_OBJC_ARC = YES;
				CLANG_ENABLE_OBJC_WEAK = YES;
				CLANG_WARN_BLOCK_CAPTURE_AUTORELEASING = YES;
				CLANG_WARN_BOOL_CONVERSION = YES;
				CLANG_WARN_COMMA = YES;
				CLANG_WARN_CONSTANT_CONVERSION = YES;
				CLANG_WARN_DEPRECATED_OBJC_IMPLEMENTATIONS = YES;
				CLANG_WARN_DIRECT_OBJC_ISA_USAGE = YES_ERROR;
				CLANG_WARN_DOCUMENTATION_COMMENTS = YES;
				CLANG_WARN_EMPTY_BODY = YES;
				CLANG_WARN_ENUM_CONVERSION = YES;
				CLANG_WARN_INFINITE_RECURSION = YES;
				CLANG_WARN_INT_CONVERSION = YES;
				CLANG_WARN_NON_LITERAL_NULL_CONVERSION = YES;
				CLANG_WARN_OBJC_IMPLICIT_RETAIN_SELF = YES;
				CLANG_WARN_OBJC_LITERAL_CONVERSION = YES;
				CLANG_WARN_OBJC_ROOT_CLASS = YES_ERROR;
				CLANG_WARN_RANGE_LOOP_ANALYSIS = YES;
				CLANG_WARN_STRICT_PROTOTYPES = YES;
				CLANG_WARN_SUSPICIOUS_MOVE = YES;
				CLANG_WARN_UNGUARDED_AVAILABILITY = YES_AGGRESSIVE;
				CLANG_WARN_UNREACHABLE_CODE = YES;
				CLANG_WARN__DUPLICATE_METHOD_MATCH = YES;
				COPY_PHASE_STRIP = NO;
				DEBUG_INFORMATION_FORMAT = "dwarf-with-dsym";
				ENABLE_NS_ASSERTIONS = NO;
				ENABLE_STRICT_OBJC_MSGSEND = YES;
				GCC_C_LANGUAGE_STANDARD = gnu11;
				GCC_NO_COMMON_BLOCKS = YES;
				GCC_WARN_64_TO_32_BIT_CONVERSION = YES;
				GCC_WARN_ABOUT_RETURN_TYPE = YES_ERROR;
				GCC_WARN_UNDECLARED_SELECTOR = YES;
				GCC_WARN_UNINITIALIZED_AUTOS = YES_AGGRESSIVE;
				GCC_WARN_UNUSED_FUNCTION = YES;
				GCC_WARN_UNUSED_VARIABLE = YES;
				IPHONEOS_DEPLOYMENT_TARGET = 13.2;
				MTL_ENABLE_DEBUG_INFO = NO;
				MTL_FAST_MATH = YES;
				SDKROOT = iphoneos;
				SWIFT_COMPILATION_MODE = wholemodule;
				SWIFT_OPTIMIZATION_LEVEL = "-O";
				VALIDATE_PRODUCT = YES;
			};
			name = Release;
		};
		8CF4503F246445E500D2F424 /* Debug */ = {
			isa = XCBuildConfiguration;
			buildSettings = {
				ASSETCATALOG_COMPILER_APPICON_NAME = AppIcon;
				CODE_SIGN_STYLE = Automatic;
				DEVELOPMENT_TEAM = 98Q86G2644;
				INFOPLIST_FILE = Tipsy/Info.plist;
				LD_RUNPATH_SEARCH_PATHS = (
					"$(inherited)",
					"@executable_path/Frameworks",
				);
				PRODUCT_BUNDLE_IDENTIFIER = asm.Tipsy;
				PRODUCT_NAME = "$(TARGET_NAME)";
				SWIFT_VERSION = 5.0;
				TARGETED_DEVICE_FAMILY = "1,2";
			};
			name = Debug;
		};
		8CF45040246445E500D2F424 /* Release */ = {
			isa = XCBuildConfiguration;
			buildSettings = {
				ASSETCATALOG_COMPILER_APPICON_NAME = AppIcon;
				CODE_SIGN_STYLE = Automatic;
				DEVELOPMENT_TEAM = 98Q86G2644;
				INFOPLIST_FILE = Tipsy/Info.plist;
				LD_RUNPATH_SEARCH_PATHS = (
					"$(inherited)",
					"@executable_path/Frameworks",
				);
				PRODUCT_BUNDLE_IDENTIFIER = asm.Tipsy;
				PRODUCT_NAME = "$(TARGET_NAME)";
				SWIFT_VERSION = 5.0;
				TARGETED_DEVICE_FAMILY = "1,2";
			};
			name = Release;
		};
		8CF45042246445E500D2F424 /* Debug */ = {
			isa = XCBuildConfiguration;
			buildSettings = {
				ALWAYS_EMBED_SWIFT_STANDARD_LIBRARIES = YES;
				BUNDLE_LOADER = "$(TEST_HOST)";
				CODE_SIGN_STYLE = Automatic;
				INFOPLIST_FILE = TipsyTests/Info.plist;
				IPHONEOS_DEPLOYMENT_TARGET = 13.2;
				LD_RUNPATH_SEARCH_PATHS = (
					"$(inherited)",
					"@executable_path/Frameworks",
					"@loader_path/Frameworks",
				);
				PRODUCT_BUNDLE_IDENTIFIER = asm.TipsyTests;
				PRODUCT_NAME = "$(TARGET_NAME)";
				SWIFT_VERSION = 5.0;
				TARGETED_DEVICE_FAMILY = "1,2";
				TEST_HOST = "$(BUILT_PRODUCTS_DIR)/Tipsy.app/Tipsy";
			};
			name = Debug;
		};
		8CF45043246445E500D2F424 /* Release */ = {
			isa = XCBuildConfiguration;
			buildSettings = {
				ALWAYS_EMBED_SWIFT_STANDARD_LIBRARIES = YES;
				BUNDLE_LOADER = "$(TEST_HOST)";
				CODE_SIGN_STYLE = Automatic;
				INFOPLIST_FILE = TipsyTests/Info.plist;
				IPHONEOS_DEPLOYMENT_TARGET = 13.2;
				LD_RUNPATH_SEARCH_PATHS = (
					"$(inherited)",
					"@executable_path/Frameworks",
					"@loader_path/Frameworks",
				);
				PRODUCT_BUNDLE_IDENTIFIER = asm.TipsyTests;
				PRODUCT_NAME = "$(TARGET_NAME)";
				SWIFT_VERSION = 5.0;
				TARGETED_DEVICE_FAMILY = "1,2";
				TEST_HOST = "$(BUILT_PRODUCTS_DIR)/Tipsy.app/Tipsy";
			};
			name = Release;
		};
/* End XCBuildConfiguration section */

/* Begin XCConfigurationList section */
		8CF4501A246445E300D2F424 /* Build configuration list for PBXProject "Tipsy" */ = {
			isa = XCConfigurationList;
			buildConfigurations = (
				8CF4503C246445E500D2F424 /* Debug */,
				8CF4503D246445E500D2F424 /* Release */,
			);
			defaultConfigurationIsVisible = 0;
			defaultConfigurationName = Release;
		};
		8CF4503E246445E500D2F424 /* Build configuration list for PBXNativeTarget "Tipsy" */ = {
			isa = XCConfigurationList;
			buildConfigurations = (
				8CF4503F246445E500D2F424 /* Debug */,
				8CF45040246445E500D2F424 /* Release */,
			);
			defaultConfigurationIsVisible = 0;
			defaultConfigurationName = Release;
		};
		8CF45041246445E500D2F424 /* Build configuration list for PBXNativeTarget "TipsyTests" */ = {
			isa = XCConfigurationList;
			buildConfigurations = (
				8CF45042246445E500D2F424 /* Debug */,
				8CF45043246445E500D2F424 /* Release */,
			);
			defaultConfigurationIsVisible = 0;
			defaultConfigurationName = Release;
		};
/* End XCConfigurationList section */
	};
	rootObject = 8CF45017246445E300D2F424 /* Project object */;
}
